// !$*UTF8*$!
{
	archiveVersion = 1;
	classes = {
	};
	objectVersion = 56;
	objects = {

/* Begin PBXBuildFile section */
		DD26FA0C298B9B520084367D /* Constants.swift in Sources */ = {isa = PBXBuildFile; fileRef = DD26FA0B298B9B520084367D /* Constants.swift */; };
		DD26FA0E298CE76B0084367D /* CoreDB.swift in Sources */ = {isa = PBXBuildFile; fileRef = DD26FA0D298CE76B0084367D /* CoreDB.swift */; };
		DD26FA10298D1B8B0084367D /* CustomeAlert.swift in Sources */ = {isa = PBXBuildFile; fileRef = DD26FA0F298D1B8B0084367D /* CustomeAlert.swift */; };
		DD26FA1A2990E47B0084367D /* NotePadModel.xcdatamodeld in Sources */ = {isa = PBXBuildFile; fileRef = DD26FA182990E47B0084367D /* NotePadModel.xcdatamodeld */; };
		DD26FA1D2990E4E40084367D /* NoteModel+CoreDataClass.swift in Sources */ = {isa = PBXBuildFile; fileRef = DD26FA1B2990E4E40084367D /* NoteModel+CoreDataClass.swift */; };
		DD26FA1E2990E4E40084367D /* NoteModel+CoreDataProperties.swift in Sources */ = {isa = PBXBuildFile; fileRef = DD26FA1C2990E4E40084367D /* NoteModel+CoreDataProperties.swift */; };
		DD26FA2129926FD60084367D /* Todo+CoreDataClass.swift in Sources */ = {isa = PBXBuildFile; fileRef = DD26FA1F29926FD60084367D /* Todo+CoreDataClass.swift */; };
		DD26FA2229926FD60084367D /* Todo+CoreDataProperties.swift in Sources */ = {isa = PBXBuildFile; fileRef = DD26FA2029926FD60084367D /* Todo+CoreDataProperties.swift */; };
		DD2A9C332987D08E00032355 /* TodoViewModel.swift in Sources */ = {isa = PBXBuildFile; fileRef = DD2A9C322987D08E00032355 /* TodoViewModel.swift */; };
		DD2A9C352987D0A600032355 /* NoteViewModel.swift in Sources */ = {isa = PBXBuildFile; fileRef = DD2A9C342987D0A600032355 /* NoteViewModel.swift */; };
		DD38929F2982B53100F9849D /* AppDelegate.swift in Sources */ = {isa = PBXBuildFile; fileRef = DD38929E2982B53100F9849D /* AppDelegate.swift */; };
		DD3892A12982B53100F9849D /* SceneDelegate.swift in Sources */ = {isa = PBXBuildFile; fileRef = DD3892A02982B53100F9849D /* SceneDelegate.swift */; };
		DD3892A32982B53100F9849D /* ViewController.swift in Sources */ = {isa = PBXBuildFile; fileRef = DD3892A22982B53100F9849D /* ViewController.swift */; };
		DD3892A62982B53100F9849D /* Main.storyboard in Resources */ = {isa = PBXBuildFile; fileRef = DD3892A42982B53100F9849D /* Main.storyboard */; };
		DD3892AB2982B53500F9849D /* Assets.xcassets in Resources */ = {isa = PBXBuildFile; fileRef = DD3892AA2982B53500F9849D /* Assets.xcassets */; };
		DD3892AE2982B53500F9849D /* LaunchScreen.storyboard in Resources */ = {isa = PBXBuildFile; fileRef = DD3892AC2982B53500F9849D /* LaunchScreen.storyboard */; };
		DD3892C42987BDE600F9849D /* NoteWithTitleCell.xib in Resources */ = {isa = PBXBuildFile; fileRef = DD3892C22987BDE600F9849D /* NoteWithTitleCell.xib */; };
		DD3892C82987BE0300F9849D /* NoteWithoutTitleCell.xib in Resources */ = {isa = PBXBuildFile; fileRef = DD3892C62987BE0300F9849D /* NoteWithoutTitleCell.xib */; };
		DD5C19102987FD5E0063C0D1 /* TodoCell.swift in Sources */ = {isa = PBXBuildFile; fileRef = DD5C190E2987FD5E0063C0D1 /* TodoCell.swift */; };
		DD5C19112987FD5E0063C0D1 /* TodoCell.xib in Resources */ = {isa = PBXBuildFile; fileRef = DD5C190F2987FD5E0063C0D1 /* TodoCell.xib */; };
		DD5C1913298909990063C0D1 /* NoteWithoutTitleCell.swift in Sources */ = {isa = PBXBuildFile; fileRef = DD5C1912298909990063C0D1 /* NoteWithoutTitleCell.swift */; };
		DD5C1915298909E50063C0D1 /* NoteWithTitleCell.swift in Sources */ = {isa = PBXBuildFile; fileRef = DD5C1914298909E50063C0D1 /* NoteWithTitleCell.swift */; };
		DD5C191829890BA60063C0D1 /* Utils.swift in Sources */ = {isa = PBXBuildFile; fileRef = DD5C191729890BA60063C0D1 /* Utils.swift */; };
		DD5C191A2989154C0063C0D1 /* NotesViewController.swift in Sources */ = {isa = PBXBuildFile; fileRef = DD5C19192989154B0063C0D1 /* NotesViewController.swift */; };
		DD5C191C298915640063C0D1 /* TodosViewController.swift in Sources */ = {isa = PBXBuildFile; fileRef = DD5C191B298915640063C0D1 /* TodosViewController.swift */; };
		DD5C191E298B953B0063C0D1 /* SingleNoteViewController.swift in Sources */ = {isa = PBXBuildFile; fileRef = DD5C191D298B953B0063C0D1 /* SingleNoteViewController.swift */; };
/* End PBXBuildFile section */

/* Begin PBXFileReference section */
		DD26FA0B298B9B520084367D /* Constants.swift */ = {isa = PBXFileReference; lastKnownFileType = sourcecode.swift; path = Constants.swift; sourceTree = "<group>"; };
		DD26FA0D298CE76B0084367D /* CoreDB.swift */ = {isa = PBXFileReference; lastKnownFileType = sourcecode.swift; path = CoreDB.swift; sourceTree = "<group>"; };
		DD26FA0F298D1B8B0084367D /* CustomeAlert.swift */ = {isa = PBXFileReference; lastKnownFileType = sourcecode.swift; path = CustomeAlert.swift; sourceTree = "<group>"; };
		DD26FA192990E47B0084367D /* NotePadModel.xcdatamodel */ = {isa = PBXFileReference; lastKnownFileType = wrapper.xcdatamodel; path = NotePadModel.xcdatamodel; sourceTree = "<group>"; };
		DD26FA1B2990E4E40084367D /* NoteModel+CoreDataClass.swift */ = {isa = PBXFileReference; lastKnownFileType = sourcecode.swift; path = "NoteModel+CoreDataClass.swift"; sourceTree = "<group>"; };
		DD26FA1C2990E4E40084367D /* NoteModel+CoreDataProperties.swift */ = {isa = PBXFileReference; lastKnownFileType = sourcecode.swift; path = "NoteModel+CoreDataProperties.swift"; sourceTree = "<group>"; };
		DD26FA1F29926FD60084367D /* Todo+CoreDataClass.swift */ = {isa = PBXFileReference; lastKnownFileType = sourcecode.swift; path = "Todo+CoreDataClass.swift"; sourceTree = "<group>"; };
		DD26FA2029926FD60084367D /* Todo+CoreDataProperties.swift */ = {isa = PBXFileReference; lastKnownFileType = sourcecode.swift; path = "Todo+CoreDataProperties.swift"; sourceTree = "<group>"; };
		DD2A9C322987D08E00032355 /* TodoViewModel.swift */ = {isa = PBXFileReference; lastKnownFileType = sourcecode.swift; path = TodoViewModel.swift; sourceTree = "<group>"; };
		DD2A9C342987D0A600032355 /* NoteViewModel.swift */ = {isa = PBXFileReference; lastKnownFileType = sourcecode.swift; path = NoteViewModel.swift; sourceTree = "<group>"; };
		DD38929B2982B53100F9849D /* NotePadWithCoreData.app */ = {isa = PBXFileReference; explicitFileType = wrapper.application; includeInIndex = 0; path = NotePadWithCoreData.app; sourceTree = BUILT_PRODUCTS_DIR; };
		DD38929E2982B53100F9849D /* AppDelegate.swift */ = {isa = PBXFileReference; lastKnownFileType = sourcecode.swift; path = AppDelegate.swift; sourceTree = "<group>"; };
		DD3892A02982B53100F9849D /* SceneDelegate.swift */ = {isa = PBXFileReference; lastKnownFileType = sourcecode.swift; path = SceneDelegate.swift; sourceTree = "<group>"; };
		DD3892A22982B53100F9849D /* ViewController.swift */ = {isa = PBXFileReference; lastKnownFileType = sourcecode.swift; path = ViewController.swift; sourceTree = "<group>"; };
		DD3892A52982B53100F9849D /* Base */ = {isa = PBXFileReference; lastKnownFileType = file.storyboard; name = Base; path = Base.lproj/Main.storyboard; sourceTree = "<group>"; };
		DD3892AA2982B53500F9849D /* Assets.xcassets */ = {isa = PBXFileReference; lastKnownFileType = folder.assetcatalog; path = Assets.xcassets; sourceTree = "<group>"; };
		DD3892AD2982B53500F9849D /* Base */ = {isa = PBXFileReference; lastKnownFileType = file.storyboard; name = Base; path = Base.lproj/LaunchScreen.storyboard; sourceTree = "<group>"; };
		DD3892AF2982B53500F9849D /* Info.plist */ = {isa = PBXFileReference; lastKnownFileType = text.plist.xml; path = Info.plist; sourceTree = "<group>"; };
		DD3892C22987BDE600F9849D /* NoteWithTitleCell.xib */ = {isa = PBXFileReference; lastKnownFileType = file.xib; path = NoteWithTitleCell.xib; sourceTree = "<group>"; };
		DD3892C62987BE0300F9849D /* NoteWithoutTitleCell.xib */ = {isa = PBXFileReference; lastKnownFileType = file.xib; path = NoteWithoutTitleCell.xib; sourceTree = "<group>"; };
		DD5C190E2987FD5E0063C0D1 /* TodoCell.swift */ = {isa = PBXFileReference; lastKnownFileType = sourcecode.swift; path = TodoCell.swift; sourceTree = "<group>"; };
		DD5C190F2987FD5E0063C0D1 /* TodoCell.xib */ = {isa = PBXFileReference; lastKnownFileType = file.xib; path = TodoCell.xib; sourceTree = "<group>"; };
		DD5C1912298909990063C0D1 /* NoteWithoutTitleCell.swift */ = {isa = PBXFileReference; lastKnownFileType = sourcecode.swift; name = NoteWithoutTitleCell.swift; path = NotePadWithCoreData/View/NoteWithoutTitleCell.swift; sourceTree = SOURCE_ROOT; };
		DD5C1914298909E50063C0D1 /* NoteWithTitleCell.swift */ = {isa = PBXFileReference; lastKnownFileType = sourcecode.swift; path = NoteWithTitleCell.swift; sourceTree = "<group>"; };
		DD5C191729890BA60063C0D1 /* Utils.swift */ = {isa = PBXFileReference; lastKnownFileType = sourcecode.swift; path = Utils.swift; sourceTree = "<group>"; };
		DD5C19192989154B0063C0D1 /* NotesViewController.swift */ = {isa = PBXFileReference; lastKnownFileType = sourcecode.swift; path = NotesViewController.swift; sourceTree = "<group>"; };
		DD5C191B298915640063C0D1 /* TodosViewController.swift */ = {isa = PBXFileReference; lastKnownFileType = sourcecode.swift; path = TodosViewController.swift; sourceTree = "<group>"; };
		DD5C191D298B953B0063C0D1 /* SingleNoteViewController.swift */ = {isa = PBXFileReference; lastKnownFileType = sourcecode.swift; path = SingleNoteViewController.swift; sourceTree = "<group>"; };
/* End PBXFileReference section */

/* Begin PBXFrameworksBuildPhase section */
		DD3892982982B53100F9849D /* Frameworks */ = {
			isa = PBXFrameworksBuildPhase;
			buildActionMask = 2147483647;
			files = (
			);
			runOnlyForDeploymentPostprocessing = 0;
		};
/* End PBXFrameworksBuildPhase section */

/* Begin PBXGroup section */
		DD3892922982B53100F9849D = {
			isa = PBXGroup;
			children = (
				DD26FA182990E47B0084367D /* NotePadModel.xcdatamodeld */,
				DD38929D2982B53100F9849D /* NotePadWithCoreData */,
				DD38929C2982B53100F9849D /* Products */,
			);
			sourceTree = "<group>";
		};
		DD38929C2982B53100F9849D /* Products */ = {
			isa = PBXGroup;
			children = (
				DD38929B2982B53100F9849D /* NotePadWithCoreData.app */,
			);
			name = Products;
			sourceTree = "<group>";
		};
		DD38929D2982B53100F9849D /* NotePadWithCoreData */ = {
			isa = PBXGroup;
			children = (
				DD5C191629890B810063C0D1 /* Utils */,
				DD3892B82983B39600F9849D /* Controller */,
				DD3892B72983B38700F9849D /* ViewModel */,
				DD3892B62983B37F00F9849D /* Model */,
				DD3892B52983B37600F9849D /* View */,
				DD38929E2982B53100F9849D /* AppDelegate.swift */,
				DD3892A02982B53100F9849D /* SceneDelegate.swift */,
				DD3892AA2982B53500F9849D /* Assets.xcassets */,
				DD3892AC2982B53500F9849D /* LaunchScreen.storyboard */,
				DD3892AF2982B53500F9849D /* Info.plist */,
			);
			path = NotePadWithCoreData;
			sourceTree = "<group>";
		};
		DD3892B52983B37600F9849D /* View */ = {
			isa = PBXGroup;
			children = (
				DD3892A42982B53100F9849D /* Main.storyboard */,
				DD3892C22987BDE600F9849D /* NoteWithTitleCell.xib */,
				DD3892C62987BE0300F9849D /* NoteWithoutTitleCell.xib */,
				DD5C190F2987FD5E0063C0D1 /* TodoCell.xib */,
			);
			path = View;
			sourceTree = "<group>";
		};
		DD3892B62983B37F00F9849D /* Model */ = {
			isa = PBXGroup;
			children = (
				DD26FA1F29926FD60084367D /* Todo+CoreDataClass.swift */,
				DD26FA2029926FD60084367D /* Todo+CoreDataProperties.swift */,
				DD26FA1B2990E4E40084367D /* NoteModel+CoreDataClass.swift */,
				DD26FA1C2990E4E40084367D /* NoteModel+CoreDataProperties.swift */,
			);
			path = Model;
			sourceTree = "<group>";
		};
		DD3892B72983B38700F9849D /* ViewModel */ = {
			isa = PBXGroup;
			children = (
				DD2A9C322987D08E00032355 /* TodoViewModel.swift */,
				DD2A9C342987D0A600032355 /* NoteViewModel.swift */,
			);
			path = ViewModel;
			sourceTree = "<group>";
		};
		DD3892B82983B39600F9849D /* Controller */ = {
			isa = PBXGroup;
			children = (
				DD3892A22982B53100F9849D /* ViewController.swift */,
				DD5C190E2987FD5E0063C0D1 /* TodoCell.swift */,
				DD5C1912298909990063C0D1 /* NoteWithoutTitleCell.swift */,
				DD5C1914298909E50063C0D1 /* NoteWithTitleCell.swift */,
				DD5C19192989154B0063C0D1 /* NotesViewController.swift */,
				DD5C191B298915640063C0D1 /* TodosViewController.swift */,
				DD5C191D298B953B0063C0D1 /* SingleNoteViewController.swift */,
			);
			path = Controller;
			sourceTree = "<group>";
		};
		DD5C191629890B810063C0D1 /* Utils */ = {
			isa = PBXGroup;
			children = (
				DD5C191729890BA60063C0D1 /* Utils.swift */,
				DD26FA0B298B9B520084367D /* Constants.swift */,
				DD26FA0D298CE76B0084367D /* CoreDB.swift */,
				DD26FA0F298D1B8B0084367D /* CustomeAlert.swift */,
			);
			path = Utils;
			sourceTree = "<group>";
		};
/* End PBXGroup section */

/* Begin PBXNativeTarget section */
		DD38929A2982B53100F9849D /* NotePadWithCoreData */ = {
			isa = PBXNativeTarget;
			buildConfigurationList = DD3892B22982B53500F9849D /* Build configuration list for PBXNativeTarget "NotePadWithCoreData" */;
			buildPhases = (
				DD3892972982B53100F9849D /* Sources */,
				DD3892982982B53100F9849D /* Frameworks */,
				DD3892992982B53100F9849D /* Resources */,
			);
			buildRules = (
			);
			dependencies = (
			);
			name = NotePadWithCoreData;
			productName = NotePadWithCoreData;
			productReference = DD38929B2982B53100F9849D /* NotePadWithCoreData.app */;
			productType = "com.apple.product-type.application";
		};
/* End PBXNativeTarget section */

/* Begin PBXProject section */
		DD3892932982B53100F9849D /* Project object */ = {
			isa = PBXProject;
			attributes = {
				BuildIndependentTargetsInParallel = 1;
				LastSwiftUpdateCheck = 1420;
				LastUpgradeCheck = 1420;
				TargetAttributes = {
					DD38929A2982B53100F9849D = {
						CreatedOnToolsVersion = 14.2;
					};
				};
			};
			buildConfigurationList = DD3892962982B53100F9849D /* Build configuration list for PBXProject "NotePadWithCoreData" */;
			compatibilityVersion = "Xcode 14.0";
			developmentRegion = en;
			hasScannedForEncodings = 0;
			knownRegions = (
				en,
				Base,
			);
			mainGroup = DD3892922982B53100F9849D;
			productRefGroup = DD38929C2982B53100F9849D /* Products */;
			projectDirPath = "";
			projectRoot = "";
			targets = (
				DD38929A2982B53100F9849D /* NotePadWithCoreData */,
			);
		};
/* End PBXProject section */

/* Begin PBXResourcesBuildPhase section */
		DD3892992982B53100F9849D /* Resources */ = {
			isa = PBXResourcesBuildPhase;
			buildActionMask = 2147483647;
			files = (
				DD3892C42987BDE600F9849D /* NoteWithTitleCell.xib in Resources */,
				DD3892AE2982B53500F9849D /* LaunchScreen.storyboard in Resources */,
				DD3892AB2982B53500F9849D /* Assets.xcassets in Resources */,
				DD3892A62982B53100F9849D /* Main.storyboard in Resources */,
				DD3892C82987BE0300F9849D /* NoteWithoutTitleCell.xib in Resources */,
				DD5C19112987FD5E0063C0D1 /* TodoCell.xib in Resources */,
			);
			runOnlyForDeploymentPostprocessing = 0;
		};
/* End PBXResourcesBuildPhase section */

/* Begin PBXSourcesBuildPhase section */
		DD3892972982B53100F9849D /* Sources */ = {
			isa = PBXSourcesBuildPhase;
			buildActionMask = 2147483647;
			files = (
				DD5C1913298909990063C0D1 /* NoteWithoutTitleCell.swift in Sources */,
				DD5C191C298915640063C0D1 /* TodosViewController.swift in Sources */,
				DD5C191E298B953B0063C0D1 /* SingleNoteViewController.swift in Sources */,
				DD26FA1E2990E4E40084367D /* NoteModel+CoreDataProperties.swift in Sources */,
				DD5C1915298909E50063C0D1 /* NoteWithTitleCell.swift in Sources */,
				DD2A9C352987D0A600032355 /* NoteViewModel.swift in Sources */,
				DD26FA10298D1B8B0084367D /* CustomeAlert.swift in Sources */,
				DD26FA1A2990E47B0084367D /* NotePadModel.xcdatamodeld in Sources */,
				DD26FA0C298B9B520084367D /* Constants.swift in Sources */,
				DD3892A32982B53100F9849D /* ViewController.swift in Sources */,
				DD5C191A2989154C0063C0D1 /* NotesViewController.swift in Sources */,
				DD26FA1D2990E4E40084367D /* NoteModel+CoreDataClass.swift in Sources */,
				DD26FA2129926FD60084367D /* Todo+CoreDataClass.swift in Sources */,
				DD26FA0E298CE76B0084367D /* CoreDB.swift in Sources */,
				DD38929F2982B53100F9849D /* AppDelegate.swift in Sources */,
				DD5C19102987FD5E0063C0D1 /* TodoCell.swift in Sources */,
				DD26FA2229926FD60084367D /* Todo+CoreDataProperties.swift in Sources */,
				DD2A9C332987D08E00032355 /* TodoViewModel.swift in Sources */,
				DD3892A12982B53100F9849D /* SceneDelegate.swift in Sources */,
				DD5C191829890BA60063C0D1 /* Utils.swift in Sources */,
			);
			runOnlyForDeploymentPostprocessing = 0;
		};
/* End PBXSourcesBuildPhase section */

/* Begin PBXVariantGroup section */
		DD3892A42982B53100F9849D /* Main.storyboard */ = {
			isa = PBXVariantGroup;
			children = (
				DD3892A52982B53100F9849D /* Base */,
			);
			name = Main.storyboard;
			sourceTree = "<group>";
		};
		DD3892AC2982B53500F9849D /* LaunchScreen.storyboard */ = {
			isa = PBXVariantGroup;
			children = (
				DD3892AD2982B53500F9849D /* Base */,
			);
			name = LaunchScreen.storyboard;
			sourceTree = "<group>";
		};
/* End PBXVariantGroup section */

/* Begin XCBuildConfiguration section */
		DD3892B02982B53500F9849D /* Debug */ = {
			isa = XCBuildConfiguration;
			buildSettings = {
				ALWAYS_SEARCH_USER_PATHS = NO;
				CLANG_ANALYZER_NONNULL = YES;
				CLANG_ANALYZER_NUMBER_OBJECT_CONVERSION = YES_AGGRESSIVE;
				CLANG_CXX_LANGUAGE_STANDARD = "gnu++20";
				CLANG_ENABLE_MODULES = YES;
				CLANG_ENABLE_OBJC_ARC = YES;
				CLANG_ENABLE_OBJC_WEAK = YES;
				CLANG_WARN_BLOCK_CAPTURE_AUTORELEASING = YES;
				CLANG_WARN_BOOL_CONVERSION = YES;
				CLANG_WARN_COMMA = YES;
				CLANG_WARN_CONSTANT_CONVERSION = YES;
				CLANG_WARN_DEPRECATED_OBJC_IMPLEMENTATIONS = YES;
				CLANG_WARN_DIRECT_OBJC_ISA_USAGE = YES_ERROR;
				CLANG_WARN_DOCUMENTATION_COMMENTS = YES;
				CLANG_WARN_EMPTY_BODY = YES;
				CLANG_WARN_ENUM_CONVERSION = YES;
				CLANG_WARN_INFINITE_RECURSION = YES;
				CLANG_WARN_INT_CONVERSION = YES;
				CLANG_WARN_NON_LITERAL_NULL_CONVERSION = YES;
				CLANG_WARN_OBJC_IMPLICIT_RETAIN_SELF = YES;
				CLANG_WARN_OBJC_LITERAL_CONVERSION = YES;
				CLANG_WARN_OBJC_ROOT_CLASS = YES_ERROR;
				CLANG_WARN_QUOTED_INCLUDE_IN_FRAMEWORK_HEADER = YES;
				CLANG_WARN_RANGE_LOOP_ANALYSIS = YES;
				CLANG_WARN_STRICT_PROTOTYPES = YES;
				CLANG_WARN_SUSPICIOUS_MOVE = YES;
				CLANG_WARN_UNGUARDED_AVAILABILITY = YES_AGGRESSIVE;
				CLANG_WARN_UNREACHABLE_CODE = YES;
				CLANG_WARN__DUPLICATE_METHOD_MATCH = YES;
				COPY_PHASE_STRIP = NO;
				DEBUG_INFORMATION_FORMAT = dwarf;
				ENABLE_STRICT_OBJC_MSGSEND = YES;
				ENABLE_TESTABILITY = YES;
				GCC_C_LANGUAGE_STANDARD = gnu11;
				GCC_DYNAMIC_NO_PIC = NO;
				GCC_NO_COMMON_BLOCKS = YES;
				GCC_OPTIMIZATION_LEVEL = 0;
				GCC_PREPROCESSOR_DEFINITIONS = (
					"DEBUG=1",
					"$(inherited)",
				);
				GCC_WARN_64_TO_32_BIT_CONVERSION = YES;
				GCC_WARN_ABOUT_RETURN_TYPE = YES_ERROR;
				GCC_WARN_UNDECLARED_SELECTOR = YES;
				GCC_WARN_UNINITIALIZED_AUTOS = YES_AGGRESSIVE;
				GCC_WARN_UNUSED_FUNCTION = YES;
				GCC_WARN_UNUSED_VARIABLE = YES;
				IPHONEOS_DEPLOYMENT_TARGET = 16.2;
				MTL_ENABLE_DEBUG_INFO = INCLUDE_SOURCE;
				MTL_FAST_MATH = YES;
				ONLY_ACTIVE_ARCH = YES;
				SDKROOT = iphoneos;
				SWIFT_ACTIVE_COMPILATION_CONDITIONS = DEBUG;
				SWIFT_OPTIMIZATION_LEVEL = "-Onone";
			};
			name = Debug;
		};
		DD3892B12982B53500F9849D /* Release */ = {
			isa = XCBuildConfiguration;
			buildSettings = {
				ALWAYS_SEARCH_USER_PATHS = NO;
				CLANG_ANALYZER_NONNULL = YES;
				CLANG_ANALYZER_NUMBER_OBJECT_CONVERSION = YES_AGGRESSIVE;
				CLANG_CXX_LANGUAGE_STANDARD = "gnu++20";
				CLANG_ENABLE_MODULES = YES;
				CLANG_ENABLE_OBJC_ARC = YES;
				CLANG_ENABLE_OBJC_WEAK = YES;
				CLANG_WARN_BLOCK_CAPTURE_AUTORELEASING = YES;
				CLANG_WARN_BOOL_CONVERSION = YES;
				CLANG_WARN_COMMA = YES;
				CLANG_WARN_CONSTANT_CONVERSION = YES;
				CLANG_WARN_DEPRECATED_OBJC_IMPLEMENTATIONS = YES;
				CLANG_WARN_DIRECT_OBJC_ISA_USAGE = YES_ERROR;
				CLANG_WARN_DOCUMENTATION_COMMENTS = YES;
				CLANG_WARN_EMPTY_BODY = YES;
				CLANG_WARN_ENUM_CONVERSION = YES;
				CLANG_WARN_INFINITE_RECURSION = YES;
				CLANG_WARN_INT_CONVERSION = YES;
				CLANG_WARN_NON_LITERAL_NULL_CONVERSION = YES;
				CLANG_WARN_OBJC_IMPLICIT_RETAIN_SELF = YES;
				CLANG_WARN_OBJC_LITERAL_CONVERSION = YES;
				CLANG_WARN_OBJC_ROOT_CLASS = YES_ERROR;
				CLANG_WARN_QUOTED_INCLUDE_IN_FRAMEWORK_HEADER = YES;
				CLANG_WARN_RANGE_LOOP_ANALYSIS = YES;
				CLANG_WARN_STRICT_PROTOTYPES = YES;
				CLANG_WARN_SUSPICIOUS_MOVE = YES;
				CLANG_WARN_UNGUARDED_AVAILABILITY = YES_AGGRESSIVE;
				CLANG_WARN_UNREACHABLE_CODE = YES;
				CLANG_WARN__DUPLICATE_METHOD_MATCH = YES;
				COPY_PHASE_STRIP = NO;
				DEBUG_INFORMATION_FORMAT = "dwarf-with-dsym";
				ENABLE_NS_ASSERTIONS = NO;
				ENABLE_STRICT_OBJC_MSGSEND = YES;
				GCC_C_LANGUAGE_STANDARD = gnu11;
				GCC_NO_COMMON_BLOCKS = YES;
				GCC_WARN_64_TO_32_BIT_CONVERSION = YES;
				GCC_WARN_ABOUT_RETURN_TYPE = YES_ERROR;
				GCC_WARN_UNDECLARED_SELECTOR = YES;
				GCC_WARN_UNINITIALIZED_AUTOS = YES_AGGRESSIVE;
				GCC_WARN_UNUSED_FUNCTION = YES;
				GCC_WARN_UNUSED_VARIABLE = YES;
				IPHONEOS_DEPLOYMENT_TARGET = 16.2;
				MTL_ENABLE_DEBUG_INFO = NO;
				MTL_FAST_MATH = YES;
				SDKROOT = iphoneos;
				SWIFT_COMPILATION_MODE = wholemodule;
				SWIFT_OPTIMIZATION_LEVEL = "-O";
				VALIDATE_PRODUCT = YES;
			};
			name = Release;
		};
		DD3892B32982B53500F9849D /* Debug */ = {
			isa = XCBuildConfiguration;
			buildSettings = {
				ASSETCATALOG_COMPILER_APPICON_NAME = AppIcon;
				ASSETCATALOG_COMPILER_GLOBAL_ACCENT_COLOR_NAME = AccentColor;
				CODE_SIGN_STYLE = Automatic;
				CURRENT_PROJECT_VERSION = 1;
				GENERATE_INFOPLIST_FILE = YES;
				INFOPLIST_FILE = NotePadWithCoreData/Info.plist;
				INFOPLIST_KEY_UIApplicationSupportsIndirectInputEvents = YES;
				INFOPLIST_KEY_UILaunchStoryboardName = LaunchScreen;
				INFOPLIST_KEY_UIMainStoryboardFile = Main;
				INFOPLIST_KEY_UISupportedInterfaceOrientations_iPad = "UIInterfaceOrientationPortrait UIInterfaceOrientationPortraitUpsideDown UIInterfaceOrientationLandscapeLeft UIInterfaceOrientationLandscapeRight";
				INFOPLIST_KEY_UISupportedInterfaceOrientations_iPhone = "UIInterfaceOrientationPortrait UIInterfaceOrientationLandscapeLeft UIInterfaceOrientationLandscapeRight";
				LD_RUNPATH_SEARCH_PATHS = (
					"$(inherited)",
					"@executable_path/Frameworks",
				);
				MARKETING_VERSION = 1.0;
				PRODUCT_BUNDLE_IDENTIFIER = com.mycompany.NotePadWithCoreData;
				PRODUCT_NAME = "$(TARGET_NAME)";
				SWIFT_EMIT_LOC_STRINGS = YES;
				SWIFT_VERSION = 5.0;
				TARGETED_DEVICE_FAMILY = "1,2";
			};
			name = Debug;
		};
		DD3892B42982B53500F9849D /* Release */ = {
			isa = XCBuildConfiguration;
			buildSettings = {
				ASSETCATALOG_COMPILER_APPICON_NAME = AppIcon;
				ASSETCATALOG_COMPILER_GLOBAL_ACCENT_COLOR_NAME = AccentColor;
				CODE_SIGN_STYLE = Automatic;
				CURRENT_PROJECT_VERSION = 1;
				GENERATE_INFOPLIST_FILE = YES;
				INFOPLIST_FILE = NotePadWithCoreData/Info.plist;
				INFOPLIST_KEY_UIApplicationSupportsIndirectInputEvents = YES;
				INFOPLIST_KEY_UILaunchStoryboardName = LaunchScreen;
				INFOPLIST_KEY_UIMainStoryboardFile = Main;
				INFOPLIST_KEY_UISupportedInterfaceOrientations_iPad = "UIInterfaceOrientationPortrait UIInterfaceOrientationPortraitUpsideDown UIInterfaceOrientationLandscapeLeft UIInterfaceOrientationLandscapeRight";
				INFOPLIST_KEY_UISupportedInterfaceOrientations_iPhone = "UIInterfaceOrientationPortrait UIInterfaceOrientationLandscapeLeft UIInterfaceOrientationLandscapeRight";
				LD_RUNPATH_SEARCH_PATHS = (
					"$(inherited)",
					"@executable_path/Frameworks",
				);
				MARKETING_VERSION = 1.0;
				PRODUCT_BUNDLE_IDENTIFIER = com.mycompany.NotePadWithCoreData;
				PRODUCT_NAME = "$(TARGET_NAME)";
				SWIFT_EMIT_LOC_STRINGS = YES;
				SWIFT_VERSION = 5.0;
				TARGETED_DEVICE_FAMILY = "1,2";
			};
			name = Release;
		};
/* End XCBuildConfiguration section */

/* Begin XCConfigurationList section */
		DD3892962982B53100F9849D /* Build configuration list for PBXProject "NotePadWithCoreData" */ = {
			isa = XCConfigurationList;
			buildConfigurations = (
				DD3892B02982B53500F9849D /* Debug */,
				DD3892B12982B53500F9849D /* Release */,
			);
			defaultConfigurationIsVisible = 0;
			defaultConfigurationName = Release;
		};
		DD3892B22982B53500F9849D /* Build configuration list for PBXNativeTarget "NotePadWithCoreData" */ = {
			isa = XCConfigurationList;
			buildConfigurations = (
				DD3892B32982B53500F9849D /* Debug */,
				DD3892B42982B53500F9849D /* Release */,
			);
			defaultConfigurationIsVisible = 0;
			defaultConfigurationName = Release;
		};
/* End XCConfigurationList section */

/* Begin XCVersionGroup section */
		DD26FA182990E47B0084367D /* NotePadModel.xcdatamodeld */ = {
			isa = XCVersionGroup;
			children = (
				DD26FA192990E47B0084367D /* NotePadModel.xcdatamodel */,
			);
			currentVersion = DD26FA192990E47B0084367D /* NotePadModel.xcdatamodel */;
			path = NotePadModel.xcdatamodeld;
			sourceTree = "<group>";
			versionGroupType = wrapper.xcdatamodel;
		};
/* End XCVersionGroup section */
	};
	rootObject = DD3892932982B53100F9849D /* Project object */;
}
